
Microsoft Visual Studio Solution File, Format Version 12.00
# Visual Studio Version 16
VisualStudioVersion = 16.0.30907.101
MinimumVisualStudioVersion = 10.0.40219.1
Project("{FAE04EC0-301F-11D3-BF4B-00C04F79EFBC}") = "Nograv", "Nograv\Nograv.csproj", "{4B58DA23-022F-4339-8AE6-77AF46429FD0}"
EndProject
Global
	GlobalSection(SolutionConfigurationPlatforms) = preSolution
		Debug|Any CPU = Debug|Any CPU
		Release|Any CPU = Release|Any CPU
	EndGlobalSection
	GlobalSection(ProjectConfigurationPlatforms) = postSolution
		{4B58DA23-022F-4339-8AE6-77AF46429FD0}.Debug|Any CPU.ActiveCfg = Debug|Any CPU
		{4B58DA23-022F-4339-8AE6-77AF46429FD0}.Debug|Any CPU.Build.0 = Debug|Any CPU
		{4B58DA23-022F-4339-8AE6-77AF46429FD0}.Release|Any CPU.ActiveCfg = Release|Any CPU
		{4B58DA23-022F-4339-8AE6-77AF46429FD0}.Release|Any CPU.Build.0 = Release|Any CPU
	EndGlobalSection
	GlobalSection(SolutionProperties) = preSolution
		HideSolutionNode = FALSE
	EndGlobalSection
	GlobalSection(ExtensibilityGlobals) = postSolution
		SolutionGuid = {F2B8233E-9E7C-4448-9834-6BD5C764F9E7}
	EndGlobalSection
EndGlobal
